
Microsoft Visual Studio Solution File, Format Version 12.00
# Visual Studio 2013
VisualStudioVersion = 12.0.30110.0
MinimumVisualStudioVersion = 10.0.40219.1
Project("{FAE04EC0-301F-11D3-BF4B-00C04F79EFBC}") = "SignalRDemo", "SignalRDemo\SignalRDemo.csproj", "{28E517A4-BD8C-4BE5-9C6D-5C0DF4512A98}"
EndProject
Project("{FAE04EC0-301F-11D3-BF4B-00C04F79EFBC}") = "WindowsFormsApplication1", "WindowsFormsApplication1\WindowsFormsApplication1.csproj", "{C4A4973A-E2FE-4461-B635-A06C70B2E184}"
EndProject
Project("{FAE04EC0-301F-11D3-BF4B-00C04F79EFBC}") = "ConsoleApplication1", "ConsoleApplication1\ConsoleApplication1.csproj", "{B50A745E-050E-4576-B930-2AFB1E04FB3E}"
EndProject
Global
	GlobalSection(SolutionConfigurationPlatforms) = preSolution
		Debug|Any CPU = Debug|Any CPU
		Release|Any CPU = Release|Any CPU
	EndGlobalSection
	GlobalSection(ProjectConfigurationPlatforms) = postSolution
		{28E517A4-BD8C-4BE5-9C6D-5C0DF4512A98}.Debug|Any CPU.ActiveCfg = Debug|Any CPU
		{28E517A4-BD8C-4BE5-9C6D-5C0DF4512A98}.Debug|Any CPU.Build.0 = Debug|Any CPU
		{28E517A4-BD8C-4BE5-9C6D-5C0DF4512A98}.Release|Any CPU.ActiveCfg = Release|Any CPU
		{28E517A4-BD8C-4BE5-9C6D-5C0DF4512A98}.Release|Any CPU.Build.0 = Release|Any CPU
		{C4A4973A-E2FE-4461-B635-A06C70B2E184}.Debug|Any CPU.ActiveCfg = Debug|Any CPU
		{C4A4973A-E2FE-4461-B635-A06C70B2E184}.Debug|Any CPU.Build.0 = Debug|Any CPU
		{C4A4973A-E2FE-4461-B635-A06C70B2E184}.Release|Any CPU.ActiveCfg = Release|Any CPU
		{C4A4973A-E2FE-4461-B635-A06C70B2E184}.Release|Any CPU.Build.0 = Release|Any CPU
		{B50A745E-050E-4576-B930-2AFB1E04FB3E}.Debug|Any CPU.ActiveCfg = Debug|Any CPU
		{B50A745E-050E-4576-B930-2AFB1E04FB3E}.Debug|Any CPU.Build.0 = Debug|Any CPU
		{B50A745E-050E-4576-B930-2AFB1E04FB3E}.Release|Any CPU.ActiveCfg = Release|Any CPU
		{B50A745E-050E-4576-B930-2AFB1E04FB3E}.Release|Any CPU.Build.0 = Release|Any CPU
	EndGlobalSection
	GlobalSection(SolutionProperties) = preSolution
		HideSolutionNode = FALSE
	EndGlobalSection
EndGlobal
